
Microsoft Visual Studio Solution File, Format Version 12.00
# Visual Studio Version 16
VisualStudioVersion = 16.0.29728.190
MinimumVisualStudioVersion = 10.0.40219.1
Project("{FAE04EC0-301F-11D3-BF4B-00C04F79EFBC}") = "AnonimMethod", "AnonimMethod.csproj", "{38985BCA-B450-47F8-AC12-F1DAD1B9FF11}"
EndProject
Global
	GlobalSection(SolutionConfigurationPlatforms) = preSolution
		Debug|Any CPU = Debug|Any CPU
		Release|Any CPU = Release|Any CPU
	EndGlobalSection
	GlobalSection(ProjectConfigurationPlatforms) = postSolution
		{38985BCA-B450-47F8-AC12-F1DAD1B9FF11}.Debug|Any CPU.ActiveCfg = Debug|Any CPU
		{38985BCA-B450-47F8-AC12-F1DAD1B9FF11}.Debug|Any CPU.Build.0 = Debug|Any CPU
		{38985BCA-B450-47F8-AC12-F1DAD1B9FF11}.Release|Any CPU.ActiveCfg = Release|Any CPU
		{38985BCA-B450-47F8-AC12-F1DAD1B9FF11}.Release|Any CPU.Build.0 = Release|Any CPU
	EndGlobalSection
	GlobalSection(SolutionProperties) = preSolution
		HideSolutionNode = FALSE
	EndGlobalSection
	GlobalSection(ExtensibilityGlobals) = postSolution
		SolutionGuid = {8DC7874D-A490-43F5-9D2C-358A6647B16F}
	EndGlobalSection
EndGlobal
